
Microsoft Visual Studio Solution File, Format Version 12.00
# Visual Studio 15
VisualStudioVersion = 15.0.28307.852
MinimumVisualStudioVersion = 10.0.40219.1
Project("{9A19103F-16F7-4668-BE54-9A1E7A4F7556}") = "ConsoleTemplatedCore", "ConsoleTemplatedCore\ConsoleTemplatedCore.csproj", "{79FDFDFF-A3EC-4FDA-95F6-7496A5065CC9}"
EndProject
Project("{9A19103F-16F7-4668-BE54-9A1E7A4F7556}") = "BusinessLogicLayer", "BusinessLogicLayer\BusinessLogicLayer.csproj", "{48D7C812-A76D-468A-B352-E841FE9AC8CA}"
EndProject
Project("{9A19103F-16F7-4668-BE54-9A1E7A4F7556}") = "DataAccessLayer", "DataAccessLayer\DataAccessLayer.csproj", "{6D5DCB28-87A7-4349-B49A-FF25323A2960}"
EndProject
Project("{9A19103F-16F7-4668-BE54-9A1E7A4F7556}") = "InfrastructureLayer", "Infrastructure Layer\InfrastructureLayer.csproj", "{F7E93F2B-90E8-461D-9F74-85B5704DF310}"
EndProject
Global
	GlobalSection(SolutionConfigurationPlatforms) = preSolution
		Debug|Any CPU = Debug|Any CPU
		Release|Any CPU = Release|Any CPU
	EndGlobalSection
	GlobalSection(ProjectConfigurationPlatforms) = postSolution
		{79FDFDFF-A3EC-4FDA-95F6-7496A5065CC9}.Debug|Any CPU.ActiveCfg = Debug|Any CPU
		{79FDFDFF-A3EC-4FDA-95F6-7496A5065CC9}.Debug|Any CPU.Build.0 = Debug|Any CPU
		{79FDFDFF-A3EC-4FDA-95F6-7496A5065CC9}.Release|Any CPU.ActiveCfg = Release|Any CPU
		{79FDFDFF-A3EC-4FDA-95F6-7496A5065CC9}.Release|Any CPU.Build.0 = Release|Any CPU
		{48D7C812-A76D-468A-B352-E841FE9AC8CA}.Debug|Any CPU.ActiveCfg = Debug|Any CPU
		{48D7C812-A76D-468A-B352-E841FE9AC8CA}.Debug|Any CPU.Build.0 = Debug|Any CPU
		{48D7C812-A76D-468A-B352-E841FE9AC8CA}.Release|Any CPU.ActiveCfg = Release|Any CPU
		{48D7C812-A76D-468A-B352-E841FE9AC8CA}.Release|Any CPU.Build.0 = Release|Any CPU
		{6D5DCB28-87A7-4349-B49A-FF25323A2960}.Debug|Any CPU.ActiveCfg = Debug|Any CPU
		{6D5DCB28-87A7-4349-B49A-FF25323A2960}.Debug|Any CPU.Build.0 = Debug|Any CPU
		{6D5DCB28-87A7-4349-B49A-FF25323A2960}.Release|Any CPU.ActiveCfg = Release|Any CPU
		{6D5DCB28-87A7-4349-B49A-FF25323A2960}.Release|Any CPU.Build.0 = Release|Any CPU
		{F7E93F2B-90E8-461D-9F74-85B5704DF310}.Debug|Any CPU.ActiveCfg = Debug|Any CPU
		{F7E93F2B-90E8-461D-9F74-85B5704DF310}.Debug|Any CPU.Build.0 = Debug|Any CPU
		{F7E93F2B-90E8-461D-9F74-85B5704DF310}.Release|Any CPU.ActiveCfg = Release|Any CPU
		{F7E93F2B-90E8-461D-9F74-85B5704DF310}.Release|Any CPU.Build.0 = Release|Any CPU
	EndGlobalSection
	GlobalSection(SolutionProperties) = preSolution
		HideSolutionNode = FALSE
	EndGlobalSection
	GlobalSection(ExtensibilityGlobals) = postSolution
		SolutionGuid = {82BFB648-E635-43E9-9EA2-4310703BB1E0}
	EndGlobalSection
EndGlobal
